
Microsoft Visual Studio Solution File, Format Version 12.00
# Visual Studio Version 17
VisualStudioVersion = 17.6.33723.286
MinimumVisualStudioVersion = 10.0.40219.1
Project("{9A19103F-16F7-4668-BE54-9A1E7A4F7556}") = "QuestMusicRemover", "QuestMusicRemover.csproj", "{FEF7781A-0105-4E13-B73C-9186D148CB9B}"
EndProject
Global
	GlobalSection(SolutionConfigurationPlatforms) = preSolution
		Debug|Any CPU = Debug|Any CPU
		Release|Any CPU = Release|Any CPU
	EndGlobalSection
	GlobalSection(ProjectConfigurationPlatforms) = postSolution
		{FEF7781A-0105-4E13-B73C-9186D148CB9B}.Debug|Any CPU.ActiveCfg = Debug|Any CPU
		{FEF7781A-0105-4E13-B73C-9186D148CB9B}.Debug|Any CPU.Build.0 = Debug|Any CPU
		{FEF7781A-0105-4E13-B73C-9186D148CB9B}.Release|Any CPU.ActiveCfg = Release|Any CPU
		{FEF7781A-0105-4E13-B73C-9186D148CB9B}.Release|Any CPU.Build.0 = Release|Any CPU
	EndGlobalSection
	GlobalSection(SolutionProperties) = preSolution
		HideSolutionNode = FALSE
	EndGlobalSection
	GlobalSection(ExtensibilityGlobals) = postSolution
		SolutionGuid = {BD2B7BAF-F409-4E01-A1DD-59D25307F351}
	EndGlobalSection
EndGlobal
